
Microsoft Visual Studio Solution File, Format Version 12.00
# Visual Studio 2015
Project("{FAE04EC0-301F-11D3-BF4B-00C04F79EFBC}") = "BifrostVRPrototype.CSharp", "BifrostVRPrototype.CSharp.csproj", "{3202A495-02B5-BD1C-3357-F476A2D0660D}"
EndProject
Global
	GlobalSection(SolutionConfigurationPlatforms) = preSolution
		Debug|Any CPU = Debug|Any CPU
		Release|Any CPU = Release|Any CPU
	EndGlobalSection
	GlobalSection(ProjectConfigurationPlatforms) = postSolution
		{3202A495-02B5-BD1C-3357-F476A2D0660D}.Debug|Any CPU.ActiveCfg = Debug|Any CPU
		{3202A495-02B5-BD1C-3357-F476A2D0660D}.Debug|Any CPU.Build.0 = Debug|Any CPU
		{3202A495-02B5-BD1C-3357-F476A2D0660D}.Release|Any CPU.ActiveCfg = Release|Any CPU
		{3202A495-02B5-BD1C-3357-F476A2D0660D}.Release|Any CPU.Build.0 = Release|Any CPU
	EndGlobalSection
	GlobalSection(SolutionProperties) = preSolution
		HideSolutionNode = FALSE
	EndGlobalSection
EndGlobal
